
Microsoft Visual Studio Solution File, Format Version 12.00
# Visual Studio Version 16
VisualStudioVersion = 16.0.30413.136
MinimumVisualStudioVersion = 10.0.40219.1
Project("{9A19103F-16F7-4668-BE54-9A1E7A4F7556}") = "BulkyBook", "BulkyBook\BulkyBook.csproj", "{BC602DE3-D066-4D60-8E3C-961275AF1271}"
EndProject
Project("{9A19103F-16F7-4668-BE54-9A1E7A4F7556}") = "BulkyBook.DataAccess", "BulkyBook.DataAccess\BulkyBook.DataAccess.csproj", "{01AA645B-971D-4531-B708-41D2BE351257}"
EndProject
Project("{9A19103F-16F7-4668-BE54-9A1E7A4F7556}") = "BulkyBook.Models", "BulkyBook.Models\BulkyBook.Models.csproj", "{19CA6A92-F36A-4814-BEEE-76807D37750A}"
EndProject
Project("{9A19103F-16F7-4668-BE54-9A1E7A4F7556}") = "BulkyBook.Utility", "BulkyBook.Utility\BulkyBook.Utility.csproj", "{BB78854D-E460-4E66-A0C2-9D6373F0A101}"
EndProject
Global
	GlobalSection(SolutionConfigurationPlatforms) = preSolution
		Debug|Any CPU = Debug|Any CPU
		Release|Any CPU = Release|Any CPU
	EndGlobalSection
	GlobalSection(ProjectConfigurationPlatforms) = postSolution
		{BC602DE3-D066-4D60-8E3C-961275AF1271}.Debug|Any CPU.ActiveCfg = Debug|Any CPU
		{BC602DE3-D066-4D60-8E3C-961275AF1271}.Debug|Any CPU.Build.0 = Debug|Any CPU
		{BC602DE3-D066-4D60-8E3C-961275AF1271}.Release|Any CPU.ActiveCfg = Release|Any CPU
		{BC602DE3-D066-4D60-8E3C-961275AF1271}.Release|Any CPU.Build.0 = Release|Any CPU
		{01AA645B-971D-4531-B708-41D2BE351257}.Debug|Any CPU.ActiveCfg = Debug|Any CPU
		{01AA645B-971D-4531-B708-41D2BE351257}.Debug|Any CPU.Build.0 = Debug|Any CPU
		{01AA645B-971D-4531-B708-41D2BE351257}.Release|Any CPU.ActiveCfg = Release|Any CPU
		{01AA645B-971D-4531-B708-41D2BE351257}.Release|Any CPU.Build.0 = Release|Any CPU
		{19CA6A92-F36A-4814-BEEE-76807D37750A}.Debug|Any CPU.ActiveCfg = Debug|Any CPU
		{19CA6A92-F36A-4814-BEEE-76807D37750A}.Debug|Any CPU.Build.0 = Debug|Any CPU
		{19CA6A92-F36A-4814-BEEE-76807D37750A}.Release|Any CPU.ActiveCfg = Release|Any CPU
		{19CA6A92-F36A-4814-BEEE-76807D37750A}.Release|Any CPU.Build.0 = Release|Any CPU
		{BB78854D-E460-4E66-A0C2-9D6373F0A101}.Debug|Any CPU.ActiveCfg = Debug|Any CPU
		{BB78854D-E460-4E66-A0C2-9D6373F0A101}.Debug|Any CPU.Build.0 = Debug|Any CPU
		{BB78854D-E460-4E66-A0C2-9D6373F0A101}.Release|Any CPU.ActiveCfg = Release|Any CPU
		{BB78854D-E460-4E66-A0C2-9D6373F0A101}.Release|Any CPU.Build.0 = Release|Any CPU
	EndGlobalSection
	GlobalSection(SolutionProperties) = preSolution
		HideSolutionNode = FALSE
	EndGlobalSection
	GlobalSection(ExtensibilityGlobals) = postSolution
		SolutionGuid = {02B4AAC4-AF52-4C29-8325-EC3673468153}
	EndGlobalSection
EndGlobal
